
Microsoft Visual Studio Solution File, Format Version 12.00
# Visual Studio Version 17
VisualStudioVersion = 17.8.34309.116
MinimumVisualStudioVersion = 10.0.40219.1
Project("{9A19103F-16F7-4668-BE54-9A1E7A4F7556}") = "MicroBytKonamic.Web", "MicroBytKonamic.Web.csproj", "{1FD42232-2282-4183-A3A8-86402D4FF45D}"
EndProject
Project("{FAE04EC0-301F-11D3-BF4B-00C04F79EFBC}") = "MicroBytKonamic.Data", "..\MicroBytKonamic.Data\MicroBytKonamic.Data.csproj", "{76CAB93A-9BF1-4DE6-B043-0CFB131CD589}"
EndProject
Global
	GlobalSection(SolutionConfigurationPlatforms) = preSolution
		Debug|Any CPU = Debug|Any CPU
		Release|Any CPU = Release|Any CPU
	EndGlobalSection
	GlobalSection(ProjectConfigurationPlatforms) = postSolution
		{1FD42232-2282-4183-A3A8-86402D4FF45D}.Debug|Any CPU.ActiveCfg = Debug|Any CPU
		{1FD42232-2282-4183-A3A8-86402D4FF45D}.Debug|Any CPU.Build.0 = Debug|Any CPU
		{1FD42232-2282-4183-A3A8-86402D4FF45D}.Release|Any CPU.ActiveCfg = Release|Any CPU
		{1FD42232-2282-4183-A3A8-86402D4FF45D}.Release|Any CPU.Build.0 = Release|Any CPU
		{76CAB93A-9BF1-4DE6-B043-0CFB131CD589}.Debug|Any CPU.ActiveCfg = Debug|Any CPU
		{76CAB93A-9BF1-4DE6-B043-0CFB131CD589}.Debug|Any CPU.Build.0 = Debug|Any CPU
		{76CAB93A-9BF1-4DE6-B043-0CFB131CD589}.Release|Any CPU.ActiveCfg = Release|Any CPU
		{76CAB93A-9BF1-4DE6-B043-0CFB131CD589}.Release|Any CPU.Build.0 = Release|Any CPU
	EndGlobalSection
	GlobalSection(SolutionProperties) = preSolution
		HideSolutionNode = FALSE
	EndGlobalSection
	GlobalSection(ExtensibilityGlobals) = postSolution
		SolutionGuid = {233C4E59-39B1-4631-942E-3AC1347043A6}
	EndGlobalSection
EndGlobal
