
Microsoft Visual Studio Solution File, Format Version 12.00
# Visual Studio Version 17
VisualStudioVersion = 17.8.34309.116
MinimumVisualStudioVersion = 10.0.40219.1
Project("{9A19103F-16F7-4668-BE54-9A1E7A4F7556}") = "MicroBytKonamic.Web", "MicroBytKonamic.Web.csproj", "{1FD42232-2282-4183-A3A8-86402D4FF45D}"
EndProject
Project("{9A19103F-16F7-4668-BE54-9A1E7A4F7556}") = "MicroBytKonamic.Data", "..\MicroBytKonamic.Data\MicroBytKonamic.Data.csproj", "{76CAB93A-9BF1-4DE6-B043-0CFB131CD589}"
EndProject
Project("{9A19103F-16F7-4668-BE54-9A1E7A4F7556}") = "MicroBytKonamic.Application", "..\MicroBytKonamic.Application\MicroBytKonamic.Application.csproj", "{62506349-95D0-4AE5-80EF-E867E36FA909}"
EndProject
Project("{9A19103F-16F7-4668-BE54-9A1E7A4F7556}") = "MicroBytKonamic.Commom", "..\MicroBytKonamic.Commom\MicroBytKonamic.Commom.csproj", "{D337EBF6-9891-475D-BBA1-B6E4D7574943}"
EndProject
Project("{2150E333-8FDC-42A3-9474-1A3956D46DE8}") = "Elementos de la solución", "Elementos de la solución", "{B9AC9255-5EC1-46EB-8844-88689997EFC5}"
	ProjectSection(SolutionItems) = preProject
		..\.gitignore = ..\.gitignore
		TODO.rd = TODO.rd
	EndProjectSection
EndProject
Project("{9A19103F-16F7-4668-BE54-9A1E7A4F7556}") = "MicroBytKonamic.Tests", "..\MicroBytKonamic.Tests\MicroBytKonamic.Tests.csproj", "{415C716A-658D-4988-83E7-144CC680CDD8}"
EndProject
Project("{9A19103F-16F7-4668-BE54-9A1E7A4F7556}") = "MicroBytKonamic.Web.Client", "..\MicroBytKonamic.Web.Client\MicroBytKonamic.Web.Client.csproj", "{37B9DB61-E8DD-47B6-8005-2E166A912DD6}"
EndProject
Project("{FAE04EC0-301F-11D3-BF4B-00C04F79EFBC}") = "MicroBytKonamic.Web.PageWithScript", "..\MicroBytKonamic.Web.PageWithScript\MicroBytKonamic.Web.PageWithScript.csproj", "{8379E054-4C90-4D12-86AC-FBC6310517E9}"
EndProject
Global
	GlobalSection(SolutionConfigurationPlatforms) = preSolution
		Debug|Any CPU = Debug|Any CPU
		Release|Any CPU = Release|Any CPU
	EndGlobalSection
	GlobalSection(ProjectConfigurationPlatforms) = postSolution
		{1FD42232-2282-4183-A3A8-86402D4FF45D}.Debug|Any CPU.ActiveCfg = Debug|Any CPU
		{1FD42232-2282-4183-A3A8-86402D4FF45D}.Debug|Any CPU.Build.0 = Debug|Any CPU
		{1FD42232-2282-4183-A3A8-86402D4FF45D}.Release|Any CPU.ActiveCfg = Release|Any CPU
		{1FD42232-2282-4183-A3A8-86402D4FF45D}.Release|Any CPU.Build.0 = Release|Any CPU
		{76CAB93A-9BF1-4DE6-B043-0CFB131CD589}.Debug|Any CPU.ActiveCfg = Debug|Any CPU
		{76CAB93A-9BF1-4DE6-B043-0CFB131CD589}.Debug|Any CPU.Build.0 = Debug|Any CPU
		{76CAB93A-9BF1-4DE6-B043-0CFB131CD589}.Release|Any CPU.ActiveCfg = Release|Any CPU
		{76CAB93A-9BF1-4DE6-B043-0CFB131CD589}.Release|Any CPU.Build.0 = Release|Any CPU
		{62506349-95D0-4AE5-80EF-E867E36FA909}.Debug|Any CPU.ActiveCfg = Debug|Any CPU
		{62506349-95D0-4AE5-80EF-E867E36FA909}.Debug|Any CPU.Build.0 = Debug|Any CPU
		{62506349-95D0-4AE5-80EF-E867E36FA909}.Release|Any CPU.ActiveCfg = Release|Any CPU
		{62506349-95D0-4AE5-80EF-E867E36FA909}.Release|Any CPU.Build.0 = Release|Any CPU
		{D337EBF6-9891-475D-BBA1-B6E4D7574943}.Debug|Any CPU.ActiveCfg = Debug|Any CPU
		{D337EBF6-9891-475D-BBA1-B6E4D7574943}.Debug|Any CPU.Build.0 = Debug|Any CPU
		{D337EBF6-9891-475D-BBA1-B6E4D7574943}.Release|Any CPU.ActiveCfg = Release|Any CPU
		{D337EBF6-9891-475D-BBA1-B6E4D7574943}.Release|Any CPU.Build.0 = Release|Any CPU
		{415C716A-658D-4988-83E7-144CC680CDD8}.Debug|Any CPU.ActiveCfg = Debug|Any CPU
		{415C716A-658D-4988-83E7-144CC680CDD8}.Debug|Any CPU.Build.0 = Debug|Any CPU
		{415C716A-658D-4988-83E7-144CC680CDD8}.Release|Any CPU.ActiveCfg = Release|Any CPU
		{415C716A-658D-4988-83E7-144CC680CDD8}.Release|Any CPU.Build.0 = Release|Any CPU
		{37B9DB61-E8DD-47B6-8005-2E166A912DD6}.Debug|Any CPU.ActiveCfg = Debug|Any CPU
		{37B9DB61-E8DD-47B6-8005-2E166A912DD6}.Debug|Any CPU.Build.0 = Debug|Any CPU
		{37B9DB61-E8DD-47B6-8005-2E166A912DD6}.Release|Any CPU.ActiveCfg = Release|Any CPU
		{37B9DB61-E8DD-47B6-8005-2E166A912DD6}.Release|Any CPU.Build.0 = Release|Any CPU
		{8379E054-4C90-4D12-86AC-FBC6310517E9}.Debug|Any CPU.ActiveCfg = Debug|Any CPU
		{8379E054-4C90-4D12-86AC-FBC6310517E9}.Debug|Any CPU.Build.0 = Debug|Any CPU
		{8379E054-4C90-4D12-86AC-FBC6310517E9}.Release|Any CPU.ActiveCfg = Release|Any CPU
		{8379E054-4C90-4D12-86AC-FBC6310517E9}.Release|Any CPU.Build.0 = Release|Any CPU
	EndGlobalSection
	GlobalSection(SolutionProperties) = preSolution
		HideSolutionNode = FALSE
	EndGlobalSection
	GlobalSection(ExtensibilityGlobals) = postSolution
		SolutionGuid = {233C4E59-39B1-4631-942E-3AC1347043A6}
	EndGlobalSection
EndGlobal
